// !$*UTF8*$!
{
	archiveVersion = 1;
	classes = {
	};
	objectVersion = 77;
	objects = {

/* Begin PBXBuildFile section */
		ED054AD22D8A7F2200824644 /* WidgetKit.framework in Frameworks */ = {isa = PBXBuildFile; fileRef = ED054AD12D8A7F2200824644 /* WidgetKit.framework */; };
		ED054AD42D8A7F2200824644 /* SwiftUI.framework in Frameworks */ = {isa = PBXBuildFile; fileRef = ED054AD32D8A7F2200824644 /* SwiftUI.framework */; };
		ED054AE52D8A7F2300824644 /* PanicTrackWidgetExtension.appex in Embed Foundation Extensions */ = {isa = PBXBuildFile; fileRef = ED054ACF2D8A7F2200824644 /* PanicTrackWidgetExtension.appex */; settings = {ATTRIBUTES = (RemoveHeadersOnCopy, ); }; };
/* End PBXBuildFile section */

/* Begin PBXContainerItemProxy section */
		ED054AE32D8A7F2300824644 /* PBXContainerItemProxy */ = {
			isa = PBXContainerItemProxy;
			containerPortal = ED2AC61C2D87121E00B0F46A /* Project object */;
			proxyType = 1;
			remoteGlobalIDString = ED054ACE2D8A7F2200824644;
			remoteInfo = PanicTrackWidgetExtension;
		};
		ED2AC63B2D87121E00B0F46A /* PBXContainerItemProxy */ = {
			isa = PBXContainerItemProxy;
			containerPortal = ED2AC61C2D87121E00B0F46A /* Project object */;
			proxyType = 1;
			remoteGlobalIDString = ED2AC6232D87121E00B0F46A;
			remoteInfo = panictrack;
		};
		ED2AC6452D87121E00B0F46A /* PBXContainerItemProxy */ = {
			isa = PBXContainerItemProxy;
			containerPortal = ED2AC61C2D87121E00B0F46A /* Project object */;
			proxyType = 1;
			remoteGlobalIDString = ED2AC6232D87121E00B0F46A;
			remoteInfo = panictrack;
		};
/* End PBXContainerItemProxy section */

/* Begin PBXCopyFilesBuildPhase section */
		ED054AE72D8A7F2300824644 /* Embed Foundation Extensions */ = {
			isa = PBXCopyFilesBuildPhase;
			buildActionMask = 2147483647;
			dstPath = "";
			dstSubfolderSpec = 13;
			files = (
				ED054AE52D8A7F2300824644 /* PanicTrackWidgetExtension.appex in Embed Foundation Extensions */,
			);
			name = "Embed Foundation Extensions";
			runOnlyForDeploymentPostprocessing = 0;
		};
/* End PBXCopyFilesBuildPhase section */

/* Begin PBXFileReference section */
		ED054ACF2D8A7F2200824644 /* PanicTrackWidgetExtension.appex */ = {isa = PBXFileReference; explicitFileType = "wrapper.app-extension"; includeInIndex = 0; path = PanicTrackWidgetExtension.appex; sourceTree = BUILT_PRODUCTS_DIR; };
		ED054AD12D8A7F2200824644 /* WidgetKit.framework */ = {isa = PBXFileReference; lastKnownFileType = wrapper.framework; name = WidgetKit.framework; path = System/Library/Frameworks/WidgetKit.framework; sourceTree = SDKROOT; };
		ED054AD32D8A7F2200824644 /* SwiftUI.framework */ = {isa = PBXFileReference; lastKnownFileType = wrapper.framework; name = SwiftUI.framework; path = System/Library/Frameworks/SwiftUI.framework; sourceTree = SDKROOT; };
		ED054AE62D8A7F2300824644 /* PanicTrackWidgetExtension.entitlements */ = {isa = PBXFileReference; lastKnownFileType = text.plist.entitlements; path = PanicTrackWidgetExtension.entitlements; sourceTree = "<group>"; };
		ED2AC6242D87121E00B0F46A /* panictrack.app */ = {isa = PBXFileReference; explicitFileType = wrapper.application; includeInIndex = 0; path = panictrack.app; sourceTree = BUILT_PRODUCTS_DIR; };
		ED2AC63A2D87121E00B0F46A /* panictrackTests.xctest */ = {isa = PBXFileReference; explicitFileType = wrapper.cfbundle; includeInIndex = 0; path = panictrackTests.xctest; sourceTree = BUILT_PRODUCTS_DIR; };
		ED2AC6442D87121E00B0F46A /* panictrackUITests.xctest */ = {isa = PBXFileReference; explicitFileType = wrapper.cfbundle; includeInIndex = 0; path = panictrackUITests.xctest; sourceTree = BUILT_PRODUCTS_DIR; };
/* End PBXFileReference section */

/* Begin PBXFileSystemSynchronizedBuildFileExceptionSet section */
		ED054AEA2D8A7F2300824644 /* Exceptions for "PanicTrackWidget" folder in "PanicTrackWidgetExtension" target */ = {
			isa = PBXFileSystemSynchronizedBuildFileExceptionSet;
			membershipExceptions = (
				Info.plist,
			);
			target = ED054ACE2D8A7F2200824644 /* PanicTrackWidgetExtension */;
		};
/* End PBXFileSystemSynchronizedBuildFileExceptionSet section */

/* Begin PBXFileSystemSynchronizedRootGroup section */
		ED054AD52D8A7F2200824644 /* PanicTrackWidget */ = {
			isa = PBXFileSystemSynchronizedRootGroup;
			exceptions = (
				ED054AEA2D8A7F2300824644 /* Exceptions for "PanicTrackWidget" folder in "PanicTrackWidgetExtension" target */,
			);
			path = PanicTrackWidget;
			sourceTree = "<group>";
		};
		ED2AC6262D87121E00B0F46A /* panictrack */ = {
			isa = PBXFileSystemSynchronizedRootGroup;
			path = panictrack;
			sourceTree = "<group>";
		};
		ED2AC63D2D87121E00B0F46A /* panictrackTests */ = {
			isa = PBXFileSystemSynchronizedRootGroup;
			path = panictrackTests;
			sourceTree = "<group>";
		};
		ED2AC6472D87121E00B0F46A /* panictrackUITests */ = {
			isa = PBXFileSystemSynchronizedRootGroup;
			path = panictrackUITests;
			sourceTree = "<group>";
		};
/* End PBXFileSystemSynchronizedRootGroup section */

/* Begin PBXFrameworksBuildPhase section */
		ED054ACC2D8A7F2200824644 /* Frameworks */ = {
			isa = PBXFrameworksBuildPhase;
			buildActionMask = 2147483647;
			files = (
				ED054AD42D8A7F2200824644 /* SwiftUI.framework in Frameworks */,
				ED054AD22D8A7F2200824644 /* WidgetKit.framework in Frameworks */,
			);
			runOnlyForDeploymentPostprocessing = 0;
		};
		ED2AC6212D87121E00B0F46A /* Frameworks */ = {
			isa = PBXFrameworksBuildPhase;
			buildActionMask = 2147483647;
			files = (
			);
			runOnlyForDeploymentPostprocessing = 0;
		};
		ED2AC6372D87121E00B0F46A /* Frameworks */ = {
			isa = PBXFrameworksBuildPhase;
			buildActionMask = 2147483647;
			files = (
			);
			runOnlyForDeploymentPostprocessing = 0;
		};
		ED2AC6412D87121E00B0F46A /* Frameworks */ = {
			isa = PBXFrameworksBuildPhase;
			buildActionMask = 2147483647;
			files = (
			);
			runOnlyForDeploymentPostprocessing = 0;
		};
/* End PBXFrameworksBuildPhase section */

/* Begin PBXGroup section */
		ED054AD02D8A7F2200824644 /* Frameworks */ = {
			isa = PBXGroup;
			children = (
				ED054AD12D8A7F2200824644 /* WidgetKit.framework */,
				ED054AD32D8A7F2200824644 /* SwiftUI.framework */,
			);
			name = Frameworks;
			sourceTree = "<group>";
		};
		ED2AC61B2D87121E00B0F46A = {
			isa = PBXGroup;
			children = (
				ED054AE62D8A7F2300824644 /* PanicTrackWidgetExtension.entitlements */,
				ED2AC6262D87121E00B0F46A /* panictrack */,
				ED2AC63D2D87121E00B0F46A /* panictrackTests */,
				ED2AC6472D87121E00B0F46A /* panictrackUITests */,
				ED054AD52D8A7F2200824644 /* PanicTrackWidget */,
				ED054AD02D8A7F2200824644 /* Frameworks */,
				ED2AC6252D87121E00B0F46A /* Products */,
			);
			sourceTree = "<group>";
		};
		ED2AC6252D87121E00B0F46A /* Products */ = {
			isa = PBXGroup;
			children = (
				ED2AC6242D87121E00B0F46A /* panictrack.app */,
				ED2AC63A2D87121E00B0F46A /* panictrackTests.xctest */,
				ED2AC6442D87121E00B0F46A /* panictrackUITests.xctest */,
				ED054ACF2D8A7F2200824644 /* PanicTrackWidgetExtension.appex */,
			);
			name = Products;
			sourceTree = "<group>";
		};
/* End PBXGroup section */

/* Begin PBXNativeTarget section */
		ED054ACE2D8A7F2200824644 /* PanicTrackWidgetExtension */ = {
			isa = PBXNativeTarget;
			buildConfigurationList = ED054AEB2D8A7F2300824644 /* Build configuration list for PBXNativeTarget "PanicTrackWidgetExtension" */;
			buildPhases = (
				ED054ACB2D8A7F2200824644 /* Sources */,
				ED054ACC2D8A7F2200824644 /* Frameworks */,
				ED054ACD2D8A7F2200824644 /* Resources */,
			);
			buildRules = (
			);
			dependencies = (
			);
			fileSystemSynchronizedGroups = (
				ED054AD52D8A7F2200824644 /* PanicTrackWidget */,
			);
			name = PanicTrackWidgetExtension;
			packageProductDependencies = (
			);
			productName = PanicTrackWidgetExtension;
			productReference = ED054ACF2D8A7F2200824644 /* PanicTrackWidgetExtension.appex */;
			productType = "com.apple.product-type.app-extension";
		};
		ED2AC6232D87121E00B0F46A /* panictrack */ = {
			isa = PBXNativeTarget;
			buildConfigurationList = ED2AC64E2D87121E00B0F46A /* Build configuration list for PBXNativeTarget "panictrack" */;
			buildPhases = (
				ED2AC6202D87121E00B0F46A /* Sources */,
				ED2AC6212D87121E00B0F46A /* Frameworks */,
				ED2AC6222D87121E00B0F46A /* Resources */,
				ED054AE72D8A7F2300824644 /* Embed Foundation Extensions */,
			);
			buildRules = (
			);
			dependencies = (
				ED054AE42D8A7F2300824644 /* PBXTargetDependency */,
			);
			fileSystemSynchronizedGroups = (
				ED2AC6262D87121E00B0F46A /* panictrack */,
			);
			name = panictrack;
			packageProductDependencies = (
			);
			productName = panictrack;
			productReference = ED2AC6242D87121E00B0F46A /* panictrack.app */;
			productType = "com.apple.product-type.application";
		};
		ED2AC6392D87121E00B0F46A /* panictrackTests */ = {
			isa = PBXNativeTarget;
			buildConfigurationList = ED2AC6512D87121E00B0F46A /* Build configuration list for PBXNativeTarget "panictrackTests" */;
			buildPhases = (
				ED2AC6362D87121E00B0F46A /* Sources */,
				ED2AC6372D87121E00B0F46A /* Frameworks */,
				ED2AC6382D87121E00B0F46A /* Resources */,
			);
			buildRules = (
			);
			dependencies = (
				ED2AC63C2D87121E00B0F46A /* PBXTargetDependency */,
			);
			fileSystemSynchronizedGroups = (
				ED2AC63D2D87121E00B0F46A /* panictrackTests */,
			);
			name = panictrackTests;
			packageProductDependencies = (
			);
			productName = panictrackTests;
			productReference = ED2AC63A2D87121E00B0F46A /* panictrackTests.xctest */;
			productType = "com.apple.product-type.bundle.unit-test";
		};
		ED2AC6432D87121E00B0F46A /* panictrackUITests */ = {
			isa = PBXNativeTarget;
			buildConfigurationList = ED2AC6542D87121E00B0F46A /* Build configuration list for PBXNativeTarget "panictrackUITests" */;
			buildPhases = (
				ED2AC6402D87121E00B0F46A /* Sources */,
				ED2AC6412D87121E00B0F46A /* Frameworks */,
				ED2AC6422D87121E00B0F46A /* Resources */,
			);
			buildRules = (
			);
			dependencies = (
				ED2AC6462D87121E00B0F46A /* PBXTargetDependency */,
			);
			fileSystemSynchronizedGroups = (
				ED2AC6472D87121E00B0F46A /* panictrackUITests */,
			);
			name = panictrackUITests;
			packageProductDependencies = (
			);
			productName = panictrackUITests;
			productReference = ED2AC6442D87121E00B0F46A /* panictrackUITests.xctest */;
			productType = "com.apple.product-type.bundle.ui-testing";
		};
/* End PBXNativeTarget section */

/* Begin PBXProject section */
		ED2AC61C2D87121E00B0F46A /* Project object */ = {
			isa = PBXProject;
			attributes = {
				BuildIndependentTargetsInParallel = 1;
				LastSwiftUpdateCheck = 1620;
				LastUpgradeCheck = 1620;
				TargetAttributes = {
					ED054ACE2D8A7F2200824644 = {
						CreatedOnToolsVersion = 16.2;
					};
					ED2AC6232D87121E00B0F46A = {
						CreatedOnToolsVersion = 16.2;
					};
					ED2AC6392D87121E00B0F46A = {
						CreatedOnToolsVersion = 16.2;
						TestTargetID = ED2AC6232D87121E00B0F46A;
					};
					ED2AC6432D87121E00B0F46A = {
						CreatedOnToolsVersion = 16.2;
						TestTargetID = ED2AC6232D87121E00B0F46A;
					};
				};
			};
			buildConfigurationList = ED2AC61F2D87121E00B0F46A /* Build configuration list for PBXProject "panictrack" */;
			developmentRegion = en;
			hasScannedForEncodings = 0;
			knownRegions = (
				en,
				Base,
				"zh-Hant",
			);
			mainGroup = ED2AC61B2D87121E00B0F46A;
			minimizedProjectReferenceProxies = 1;
			preferredProjectObjectVersion = 77;
			productRefGroup = ED2AC6252D87121E00B0F46A /* Products */;
			projectDirPath = "";
			projectRoot = "";
			targets = (
				ED2AC6232D87121E00B0F46A /* panictrack */,
				ED2AC6392D87121E00B0F46A /* panictrackTests */,
				ED2AC6432D87121E00B0F46A /* panictrackUITests */,
				ED054ACE2D8A7F2200824644 /* PanicTrackWidgetExtension */,
			);
		};
/* End PBXProject section */

/* Begin PBXResourcesBuildPhase section */
		ED054ACD2D8A7F2200824644 /* Resources */ = {
			isa = PBXResourcesBuildPhase;
			buildActionMask = 2147483647;
			files = (
			);
			runOnlyForDeploymentPostprocessing = 0;
		};
		ED2AC6222D87121E00B0F46A /* Resources */ = {
			isa = PBXResourcesBuildPhase;
			buildActionMask = 2147483647;
			files = (
			);
			runOnlyForDeploymentPostprocessing = 0;
		};
		ED2AC6382D87121E00B0F46A /* Resources */ = {
			isa = PBXResourcesBuildPhase;
			buildActionMask = 2147483647;
			files = (
			);
			runOnlyForDeploymentPostprocessing = 0;
		};
		ED2AC6422D87121E00B0F46A /* Resources */ = {
			isa = PBXResourcesBuildPhase;
			buildActionMask = 2147483647;
			files = (
			);
			runOnlyForDeploymentPostprocessing = 0;
		};
/* End PBXResourcesBuildPhase section */

/* Begin PBXSourcesBuildPhase section */
		ED054ACB2D8A7F2200824644 /* Sources */ = {
			isa = PBXSourcesBuildPhase;
			buildActionMask = 2147483647;
			files = (
			);
			runOnlyForDeploymentPostprocessing = 0;
		};
		ED2AC6202D87121E00B0F46A /* Sources */ = {
			isa = PBXSourcesBuildPhase;
			buildActionMask = 2147483647;
			files = (
			);
			runOnlyForDeploymentPostprocessing = 0;
		};
		ED2AC6362D87121E00B0F46A /* Sources */ = {
			isa = PBXSourcesBuildPhase;
			buildActionMask = 2147483647;
			files = (
			);
			runOnlyForDeploymentPostprocessing = 0;
		};
		ED2AC6402D87121E00B0F46A /* Sources */ = {
			isa = PBXSourcesBuildPhase;
			buildActionMask = 2147483647;
			files = (
			);
			runOnlyForDeploymentPostprocessing = 0;
		};
/* End PBXSourcesBuildPhase section */

/* Begin PBXTargetDependency section */
		ED054AE42D8A7F2300824644 /* PBXTargetDependency */ = {
			isa = PBXTargetDependency;
			target = ED054ACE2D8A7F2200824644 /* PanicTrackWidgetExtension */;
			targetProxy = ED054AE32D8A7F2300824644 /* PBXContainerItemProxy */;
		};
		ED2AC63C2D87121E00B0F46A /* PBXTargetDependency */ = {
			isa = PBXTargetDependency;
			target = ED2AC6232D87121E00B0F46A /* panictrack */;
			targetProxy = ED2AC63B2D87121E00B0F46A /* PBXContainerItemProxy */;
		};
		ED2AC6462D87121E00B0F46A /* PBXTargetDependency */ = {
			isa = PBXTargetDependency;
			target = ED2AC6232D87121E00B0F46A /* panictrack */;
			targetProxy = ED2AC6452D87121E00B0F46A /* PBXContainerItemProxy */;
		};
/* End PBXTargetDependency section */

/* Begin XCBuildConfiguration section */
		ED054AE82D8A7F2300824644 /* Debug */ = {
			isa = XCBuildConfiguration;
			buildSettings = {
				ASSETCATALOG_COMPILER_GLOBAL_ACCENT_COLOR_NAME = AccentColor;
				ASSETCATALOG_COMPILER_WIDGET_BACKGROUND_COLOR_NAME = WidgetBackground;
				CODE_SIGN_ENTITLEMENTS = PanicTrackWidgetExtension.entitlements;
				CODE_SIGN_STYLE = Automatic;
				CURRENT_PROJECT_VERSION = 1;
				DEVELOPMENT_TEAM = 72G4VDLANB;
				GENERATE_INFOPLIST_FILE = YES;
				INFOPLIST_FILE = PanicTrackWidget/Info.plist;
				INFOPLIST_KEY_CFBundleDisplayName = PanicTrackWidget;
				INFOPLIST_KEY_NSHumanReadableCopyright = "";
				IPHONEOS_DEPLOYMENT_TARGET = 17.6;
				LD_RUNPATH_SEARCH_PATHS = (
					"$(inherited)",
					"@executable_path/Frameworks",
					"@executable_path/../../Frameworks",
				);
				MARKETING_VERSION = 1.0.2;
				PRODUCT_BUNDLE_IDENTIFIER = com.tofuswang.panictrack.PanicTrackWidget;
				PRODUCT_NAME = "$(TARGET_NAME)";
				SDKROOT = iphoneos;
				SKIP_INSTALL = YES;
				SUPPORTS_MACCATALYST = YES;
				SWIFT_EMIT_LOC_STRINGS = YES;
				SWIFT_VERSION = 5.0;
				TARGETED_DEVICE_FAMILY = "1,2";
			};
			name = Debug;
		};
		ED054AE92D8A7F2300824644 /* Release */ = {
			isa = XCBuildConfiguration;
			buildSettings = {
				ASSETCATALOG_COMPILER_GLOBAL_ACCENT_COLOR_NAME = AccentColor;
				ASSETCATALOG_COMPILER_WIDGET_BACKGROUND_COLOR_NAME = WidgetBackground;
				CODE_SIGN_ENTITLEMENTS = PanicTrackWidgetExtension.entitlements;
				CODE_SIGN_STYLE = Automatic;
				CURRENT_PROJECT_VERSION = 1;
				DEVELOPMENT_TEAM = 72G4VDLANB;
				GENERATE_INFOPLIST_FILE = YES;
				INFOPLIST_FILE = PanicTrackWidget/Info.plist;
				INFOPLIST_KEY_CFBundleDisplayName = PanicTrackWidget;
				INFOPLIST_KEY_NSHumanReadableCopyright = "";
				IPHONEOS_DEPLOYMENT_TARGET = 17.6;
				LD_RUNPATH_SEARCH_PATHS = (
					"$(inherited)",
					"@executable_path/Frameworks",
					"@executable_path/../../Frameworks",
				);
				MARKETING_VERSION = 1.0.2;
				PRODUCT_BUNDLE_IDENTIFIER = com.tofuswang.panictrack.PanicTrackWidget;
				PRODUCT_NAME = "$(TARGET_NAME)";
				SDKROOT = iphoneos;
				SKIP_INSTALL = YES;
				SUPPORTS_MACCATALYST = YES;
				SWIFT_EMIT_LOC_STRINGS = YES;
				SWIFT_VERSION = 5.0;
				TARGETED_DEVICE_FAMILY = "1,2";
				VALIDATE_PRODUCT = YES;
			};
			name = Release;
		};
		ED2AC64C2D87121E00B0F46A /* Debug */ = {
			isa = XCBuildConfiguration;
			buildSettings = {
				ALWAYS_SEARCH_USER_PATHS = NO;
				ASSETCATALOG_COMPILER_GENERATE_SWIFT_ASSET_SYMBOL_EXTENSIONS = YES;
				CLANG_ANALYZER_NONNULL = YES;
				CLANG_ANALYZER_NUMBER_OBJECT_CONVERSION = YES_AGGRESSIVE;
				CLANG_CXX_LANGUAGE_STANDARD = "gnu++20";
				CLANG_ENABLE_MODULES = YES;
				CLANG_ENABLE_OBJC_ARC = YES;
				CLANG_ENABLE_OBJC_WEAK = YES;
				CLANG_WARN_BLOCK_CAPTURE_AUTORELEASING = YES;
				CLANG_WARN_BOOL_CONVERSION = YES;
				CLANG_WARN_COMMA = YES;
				CLANG_WARN_CONSTANT_CONVERSION = YES;
				CLANG_WARN_DEPRECATED_OBJC_IMPLEMENTATIONS = YES;
				CLANG_WARN_DIRECT_OBJC_ISA_USAGE = YES_ERROR;
				CLANG_WARN_DOCUMENTATION_COMMENTS = YES;
				CLANG_WARN_EMPTY_BODY = YES;
				CLANG_WARN_ENUM_CONVERSION = YES;
				CLANG_WARN_INFINITE_RECURSION = YES;
				CLANG_WARN_INT_CONVERSION = YES;
				CLANG_WARN_NON_LITERAL_NULL_CONVERSION = YES;
				CLANG_WARN_OBJC_IMPLICIT_RETAIN_SELF = YES;
				CLANG_WARN_OBJC_LITERAL_CONVERSION = YES;
				CLANG_WARN_OBJC_ROOT_CLASS = YES_ERROR;
				CLANG_WARN_QUOTED_INCLUDE_IN_FRAMEWORK_HEADER = YES;
				CLANG_WARN_RANGE_LOOP_ANALYSIS = YES;
				CLANG_WARN_STRICT_PROTOTYPES = YES;
				CLANG_WARN_SUSPICIOUS_MOVE = YES;
				CLANG_WARN_UNGUARDED_AVAILABILITY = YES_AGGRESSIVE;
				CLANG_WARN_UNREACHABLE_CODE = YES;
				CLANG_WARN__DUPLICATE_METHOD_MATCH = YES;
				COPY_PHASE_STRIP = NO;
				DEBUG_INFORMATION_FORMAT = dwarf;
				ENABLE_STRICT_OBJC_MSGSEND = YES;
				ENABLE_TESTABILITY = YES;
				ENABLE_USER_SCRIPT_SANDBOXING = YES;
				GCC_C_LANGUAGE_STANDARD = gnu17;
				GCC_DYNAMIC_NO_PIC = NO;
				GCC_NO_COMMON_BLOCKS = YES;
				GCC_OPTIMIZATION_LEVEL = 0;
				GCC_PREPROCESSOR_DEFINITIONS = (
					"DEBUG=1",
					"$(inherited)",
				);
				GCC_WARN_64_TO_32_BIT_CONVERSION = YES;
				GCC_WARN_ABOUT_RETURN_TYPE = YES_ERROR;
				GCC_WARN_UNDECLARED_SELECTOR = YES;
				GCC_WARN_UNINITIALIZED_AUTOS = YES_AGGRESSIVE;
				GCC_WARN_UNUSED_FUNCTION = YES;
				GCC_WARN_UNUSED_VARIABLE = YES;
				LOCALIZATION_PREFERS_STRING_CATALOGS = YES;
				MTL_ENABLE_DEBUG_INFO = INCLUDE_SOURCE;
				MTL_FAST_MATH = YES;
				ONLY_ACTIVE_ARCH = YES;
				SWIFT_ACTIVE_COMPILATION_CONDITIONS = "DEBUG $(inherited)";
				SWIFT_OPTIMIZATION_LEVEL = "-Onone";
			};
			name = Debug;
		};
		ED2AC64D2D87121E00B0F46A /* Release */ = {
			isa = XCBuildConfiguration;
			buildSettings = {
				ALWAYS_SEARCH_USER_PATHS = NO;
				ASSETCATALOG_COMPILER_GENERATE_SWIFT_ASSET_SYMBOL_EXTENSIONS = YES;
				CLANG_ANALYZER_NONNULL = YES;
				CLANG_ANALYZER_NUMBER_OBJECT_CONVERSION = YES_AGGRESSIVE;
				CLANG_CXX_LANGUAGE_STANDARD = "gnu++20";
				CLANG_ENABLE_MODULES = YES;
				CLANG_ENABLE_OBJC_ARC = YES;
				CLANG_ENABLE_OBJC_WEAK = YES;
				CLANG_WARN_BLOCK_CAPTURE_AUTORELEASING = YES;
				CLANG_WARN_BOOL_CONVERSION = YES;
				CLANG_WARN_COMMA = YES;
				CLANG_WARN_CONSTANT_CONVERSION = YES;
				CLANG_WARN_DEPRECATED_OBJC_IMPLEMENTATIONS = YES;
				CLANG_WARN_DIRECT_OBJC_ISA_USAGE = YES_ERROR;
				CLANG_WARN_DOCUMENTATION_COMMENTS = YES;
				CLANG_WARN_EMPTY_BODY = YES;
				CLANG_WARN_ENUM_CONVERSION = YES;
				CLANG_WARN_INFINITE_RECURSION = YES;
				CLANG_WARN_INT_CONVERSION = YES;
				CLANG_WARN_NON_LITERAL_NULL_CONVERSION = YES;
				CLANG_WARN_OBJC_IMPLICIT_RETAIN_SELF = YES;
				CLANG_WARN_OBJC_LITERAL_CONVERSION = YES;
				CLANG_WARN_OBJC_ROOT_CLASS = YES_ERROR;
				CLANG_WARN_QUOTED_INCLUDE_IN_FRAMEWORK_HEADER = YES;
				CLANG_WARN_RANGE_LOOP_ANALYSIS = YES;
				CLANG_WARN_STRICT_PROTOTYPES = YES;
				CLANG_WARN_SUSPICIOUS_MOVE = YES;
				CLANG_WARN_UNGUARDED_AVAILABILITY = YES_AGGRESSIVE;
				CLANG_WARN_UNREACHABLE_CODE = YES;
				CLANG_WARN__DUPLICATE_METHOD_MATCH = YES;
				COPY_PHASE_STRIP = NO;
				DEBUG_INFORMATION_FORMAT = "dwarf-with-dsym";
				ENABLE_NS_ASSERTIONS = NO;
				ENABLE_STRICT_OBJC_MSGSEND = YES;
				ENABLE_USER_SCRIPT_SANDBOXING = YES;
				GCC_C_LANGUAGE_STANDARD = gnu17;
				GCC_NO_COMMON_BLOCKS = YES;
				GCC_WARN_64_TO_32_BIT_CONVERSION = YES;
				GCC_WARN_ABOUT_RETURN_TYPE = YES_ERROR;
				GCC_WARN_UNDECLARED_SELECTOR = YES;
				GCC_WARN_UNINITIALIZED_AUTOS = YES_AGGRESSIVE;
				GCC_WARN_UNUSED_FUNCTION = YES;
				GCC_WARN_UNUSED_VARIABLE = YES;
				LOCALIZATION_PREFERS_STRING_CATALOGS = YES;
				MTL_ENABLE_DEBUG_INFO = NO;
				MTL_FAST_MATH = YES;
				SWIFT_COMPILATION_MODE = wholemodule;
			};
			name = Release;
		};
		ED2AC64F2D87121E00B0F46A /* Debug */ = {
			isa = XCBuildConfiguration;
			buildSettings = {
				ALLOW_TARGET_PLATFORM_SPECIALIZATION = YES;
				ASSETCATALOG_COMPILER_APPICON_NAME = AppIcon;
				ASSETCATALOG_COMPILER_GLOBAL_ACCENT_COLOR_NAME = AccentColor;
				CODE_SIGN_ENTITLEMENTS = panictrack/panictrack.entitlements;
				CODE_SIGN_STYLE = Automatic;
				CURRENT_PROJECT_VERSION = 1;
				DEVELOPMENT_ASSET_PATHS = "\"panictrack/Preview Content\"";
				DEVELOPMENT_TEAM = 72G4VDLANB;
				ENABLE_HARDENED_RUNTIME = YES;
				ENABLE_PREVIEWS = YES;
				GENERATE_INFOPLIST_FILE = YES;
				"INFOPLIST_KEY_UIApplicationSceneManifest_Generation[sdk=iphoneos*]" = YES;
				"INFOPLIST_KEY_UIApplicationSceneManifest_Generation[sdk=iphonesimulator*]" = YES;
				"INFOPLIST_KEY_UIApplicationSupportsIndirectInputEvents[sdk=iphoneos*]" = YES;
				"INFOPLIST_KEY_UIApplicationSupportsIndirectInputEvents[sdk=iphonesimulator*]" = YES;
				"INFOPLIST_KEY_UILaunchScreen_Generation[sdk=iphoneos*]" = YES;
				"INFOPLIST_KEY_UILaunchScreen_Generation[sdk=iphonesimulator*]" = YES;
				"INFOPLIST_KEY_UIStatusBarStyle[sdk=iphoneos*]" = UIStatusBarStyleDefault;
				"INFOPLIST_KEY_UIStatusBarStyle[sdk=iphonesimulator*]" = UIStatusBarStyleDefault;
				INFOPLIST_KEY_UISupportedInterfaceOrientations_iPad = "UIInterfaceOrientationPortrait UIInterfaceOrientationPortraitUpsideDown UIInterfaceOrientationLandscapeLeft UIInterfaceOrientationLandscapeRight";
				INFOPLIST_KEY_UISupportedInterfaceOrientations_iPhone = "UIInterfaceOrientationPortrait UIInterfaceOrientationLandscapeLeft UIInterfaceOrientationLandscapeRight";
				IPHONEOS_DEPLOYMENT_TARGET = 16.6;
				LD_RUNPATH_SEARCH_PATHS = "@executable_path/Frameworks";
				"LD_RUNPATH_SEARCH_PATHS[sdk=macosx*]" = "@executable_path/../Frameworks";
				MACOSX_DEPLOYMENT_TARGET = 15.2;
				MARKETING_VERSION = 1.0.2;
				PRODUCT_BUNDLE_IDENTIFIER = com.tofuswang.panictrack;
				PRODUCT_NAME = "$(TARGET_NAME)";
				SDKROOT = iphoneos;
				SUPPORTED_PLATFORMS = "iphonesimulator iphoneos";
				SUPPORTS_MACCATALYST = YES;
				SWIFT_EMIT_LOC_STRINGS = YES;
				SWIFT_VERSION = 5.0;
				TARGETED_DEVICE_FAMILY = 1;
				XROS_DEPLOYMENT_TARGET = 2.2;
			};
			name = Debug;
		};
		ED2AC6502D87121E00B0F46A /* Release */ = {
			isa = XCBuildConfiguration;
			buildSettings = {
				ALLOW_TARGET_PLATFORM_SPECIALIZATION = YES;
				ASSETCATALOG_COMPILER_APPICON_NAME = AppIcon;
				ASSETCATALOG_COMPILER_GLOBAL_ACCENT_COLOR_NAME = AccentColor;
				CODE_SIGN_ENTITLEMENTS = panictrack/panictrack.entitlements;
				CODE_SIGN_STYLE = Automatic;
				CURRENT_PROJECT_VERSION = 1;
				DEVELOPMENT_ASSET_PATHS = "\"panictrack/Preview Content\"";
				DEVELOPMENT_TEAM = 72G4VDLANB;
				ENABLE_HARDENED_RUNTIME = YES;
				ENABLE_PREVIEWS = YES;
				GENERATE_INFOPLIST_FILE = YES;
				"INFOPLIST_KEY_UIApplicationSceneManifest_Generation[sdk=iphoneos*]" = YES;
				"INFOPLIST_KEY_UIApplicationSceneManifest_Generation[sdk=iphonesimulator*]" = YES;
				"INFOPLIST_KEY_UIApplicationSupportsIndirectInputEvents[sdk=iphoneos*]" = YES;
				"INFOPLIST_KEY_UIApplicationSupportsIndirectInputEvents[sdk=iphonesimulator*]" = YES;
				"INFOPLIST_KEY_UILaunchScreen_Generation[sdk=iphoneos*]" = YES;
				"INFOPLIST_KEY_UILaunchScreen_Generation[sdk=iphonesimulator*]" = YES;
				"INFOPLIST_KEY_UIStatusBarStyle[sdk=iphoneos*]" = UIStatusBarStyleDefault;
				"INFOPLIST_KEY_UIStatusBarStyle[sdk=iphonesimulator*]" = UIStatusBarStyleDefault;
				INFOPLIST_KEY_UISupportedInterfaceOrientations_iPad = "UIInterfaceOrientationPortrait UIInterfaceOrientationPortraitUpsideDown UIInterfaceOrientationLandscapeLeft UIInterfaceOrientationLandscapeRight";
				INFOPLIST_KEY_UISupportedInterfaceOrientations_iPhone = "UIInterfaceOrientationPortrait UIInterfaceOrientationLandscapeLeft UIInterfaceOrientationLandscapeRight";
				IPHONEOS_DEPLOYMENT_TARGET = 16.6;
				LD_RUNPATH_SEARCH_PATHS = "@executable_path/Frameworks";
				"LD_RUNPATH_SEARCH_PATHS[sdk=macosx*]" = "@executable_path/../Frameworks";
				MACOSX_DEPLOYMENT_TARGET = 15.2;
				MARKETING_VERSION = 1.0.2;
				PRODUCT_BUNDLE_IDENTIFIER = com.tofuswang.panictrack;
				PRODUCT_NAME = "$(TARGET_NAME)";
				SDKROOT = iphoneos;
				SUPPORTED_PLATFORMS = "iphonesimulator iphoneos";
				SUPPORTS_MACCATALYST = YES;
				SWIFT_EMIT_LOC_STRINGS = YES;
				SWIFT_VERSION = 5.0;
				TARGETED_DEVICE_FAMILY = 1;
				XROS_DEPLOYMENT_TARGET = 2.2;
			};
			name = Release;
		};
		ED2AC6522D87121E00B0F46A /* Debug */ = {
			isa = XCBuildConfiguration;
			buildSettings = {
				BUNDLE_LOADER = "$(TEST_HOST)";
				CODE_SIGN_STYLE = Automatic;
				CURRENT_PROJECT_VERSION = 1;
				DEVELOPMENT_TEAM = 72G4VDLANB;
				GENERATE_INFOPLIST_FILE = YES;
				IPHONEOS_DEPLOYMENT_TARGET = 16.6;
				MACOSX_DEPLOYMENT_TARGET = 15.2;
				MARKETING_VERSION = 1.0;
				PRODUCT_BUNDLE_IDENTIFIER = com.tofuswang.panictrackTests;
				PRODUCT_NAME = "$(TARGET_NAME)";
				SDKROOT = auto;
				SUPPORTED_PLATFORMS = "iphoneos iphonesimulator macosx xros xrsimulator";
				SWIFT_EMIT_LOC_STRINGS = NO;
				SWIFT_VERSION = 5.0;
				TARGETED_DEVICE_FAMILY = "1,2,7";
				TEST_HOST = "$(BUILT_PRODUCTS_DIR)/panictrack.app/$(BUNDLE_EXECUTABLE_FOLDER_PATH)/panictrack";
				XROS_DEPLOYMENT_TARGET = 2.2;
			};
			name = Debug;
		};
		ED2AC6532D87121E00B0F46A /* Release */ = {
			isa = XCBuildConfiguration;
			buildSettings = {
				BUNDLE_LOADER = "$(TEST_HOST)";
				CODE_SIGN_STYLE = Automatic;
				CURRENT_PROJECT_VERSION = 1;
				DEVELOPMENT_TEAM = 72G4VDLANB;
				GENERATE_INFOPLIST_FILE = YES;
				IPHONEOS_DEPLOYMENT_TARGET = 16.6;
				MACOSX_DEPLOYMENT_TARGET = 15.2;
				MARKETING_VERSION = 1.0;
				PRODUCT_BUNDLE_IDENTIFIER = com.tofuswang.panictrackTests;
				PRODUCT_NAME = "$(TARGET_NAME)";
				SDKROOT = auto;
				SUPPORTED_PLATFORMS = "iphoneos iphonesimulator macosx xros xrsimulator";
				SWIFT_EMIT_LOC_STRINGS = NO;
				SWIFT_VERSION = 5.0;
				TARGETED_DEVICE_FAMILY = "1,2,7";
				TEST_HOST = "$(BUILT_PRODUCTS_DIR)/panictrack.app/$(BUNDLE_EXECUTABLE_FOLDER_PATH)/panictrack";
				XROS_DEPLOYMENT_TARGET = 2.2;
			};
			name = Release;
		};
		ED2AC6552D87121E00B0F46A /* Debug */ = {
			isa = XCBuildConfiguration;
			buildSettings = {
				CODE_SIGN_STYLE = Automatic;
				CURRENT_PROJECT_VERSION = 1;
				DEVELOPMENT_TEAM = 72G4VDLANB;
				GENERATE_INFOPLIST_FILE = YES;
				IPHONEOS_DEPLOYMENT_TARGET = 17.6;
				MACOSX_DEPLOYMENT_TARGET = 15.2;
				MARKETING_VERSION = 1.0;
				PRODUCT_BUNDLE_IDENTIFIER = com.tofuswang.panictrackUITests;
				PRODUCT_NAME = "$(TARGET_NAME)";
				SDKROOT = auto;
				SUPPORTED_PLATFORMS = "iphoneos iphonesimulator macosx xros xrsimulator";
				SWIFT_EMIT_LOC_STRINGS = NO;
				SWIFT_VERSION = 5.0;
				TARGETED_DEVICE_FAMILY = "1,2,7";
				TEST_TARGET_NAME = panictrack;
				XROS_DEPLOYMENT_TARGET = 2.2;
			};
			name = Debug;
		};
		ED2AC6562D87121E00B0F46A /* Release */ = {
			isa = XCBuildConfiguration;
			buildSettings = {
				CODE_SIGN_STYLE = Automatic;
				CURRENT_PROJECT_VERSION = 1;
				DEVELOPMENT_TEAM = 72G4VDLANB;
				GENERATE_INFOPLIST_FILE = YES;
				IPHONEOS_DEPLOYMENT_TARGET = 17.6;
				MACOSX_DEPLOYMENT_TARGET = 15.2;
				MARKETING_VERSION = 1.0;
				PRODUCT_BUNDLE_IDENTIFIER = com.tofuswang.panictrackUITests;
				PRODUCT_NAME = "$(TARGET_NAME)";
				SDKROOT = auto;
				SUPPORTED_PLATFORMS = "iphoneos iphonesimulator macosx xros xrsimulator";
				SWIFT_EMIT_LOC_STRINGS = NO;
				SWIFT_VERSION = 5.0;
				TARGETED_DEVICE_FAMILY = "1,2,7";
				TEST_TARGET_NAME = panictrack;
				XROS_DEPLOYMENT_TARGET = 2.2;
			};
			name = Release;
		};
/* End XCBuildConfiguration section */

/* Begin XCConfigurationList section */
		ED054AEB2D8A7F2300824644 /* Build configuration list for PBXNativeTarget "PanicTrackWidgetExtension" */ = {
			isa = XCConfigurationList;
			buildConfigurations = (
				ED054AE82D8A7F2300824644 /* Debug */,
				ED054AE92D8A7F2300824644 /* Release */,
			);
			defaultConfigurationIsVisible = 0;
			defaultConfigurationName = Release;
		};
		ED2AC61F2D87121E00B0F46A /* Build configuration list for PBXProject "panictrack" */ = {
			isa = XCConfigurationList;
			buildConfigurations = (
				ED2AC64C2D87121E00B0F46A /* Debug */,
				ED2AC64D2D87121E00B0F46A /* Release */,
			);
			defaultConfigurationIsVisible = 0;
			defaultConfigurationName = Release;
		};
		ED2AC64E2D87121E00B0F46A /* Build configuration list for PBXNativeTarget "panictrack" */ = {
			isa = XCConfigurationList;
			buildConfigurations = (
				ED2AC64F2D87121E00B0F46A /* Debug */,
				ED2AC6502D87121E00B0F46A /* Release */,
			);
			defaultConfigurationIsVisible = 0;
			defaultConfigurationName = Release;
		};
		ED2AC6512D87121E00B0F46A /* Build configuration list for PBXNativeTarget "panictrackTests" */ = {
			isa = XCConfigurationList;
			buildConfigurations = (
				ED2AC6522D87121E00B0F46A /* Debug */,
				ED2AC6532D87121E00B0F46A /* Release */,
			);
			defaultConfigurationIsVisible = 0;
			defaultConfigurationName = Release;
		};
		ED2AC6542D87121E00B0F46A /* Build configuration list for PBXNativeTarget "panictrackUITests" */ = {
			isa = XCConfigurationList;
			buildConfigurations = (
				ED2AC6552D87121E00B0F46A /* Debug */,
				ED2AC6562D87121E00B0F46A /* Release */,
			);
			defaultConfigurationIsVisible = 0;
			defaultConfigurationName = Release;
		};
/* End XCConfigurationList section */
	};
	rootObject = ED2AC61C2D87121E00B0F46A /* Project object */;
}
